
Microsoft Visual Studio Solution File, Format Version 12.00
# Visual Studio 14
VisualStudioVersion = 14.0.25420.1
MinimumVisualStudioVersion = 10.0.40219.1
Project("{FAE04EC0-301F-11D3-BF4B-00C04F79EFBC}") = "sudoku", "sudoku\sudoku.csproj", "{F9656299-7D57-44A1-9D5F-E121C538EB1E}"
EndProject
Global
	GlobalSection(SolutionConfigurationPlatforms) = preSolution
		Debug|Any CPU = Debug|Any CPU
		Release|Any CPU = Release|Any CPU
	EndGlobalSection
	GlobalSection(ProjectConfigurationPlatforms) = postSolution
		{F9656299-7D57-44A1-9D5F-E121C538EB1E}.Debug|Any CPU.ActiveCfg = Debug|Any CPU
		{F9656299-7D57-44A1-9D5F-E121C538EB1E}.Debug|Any CPU.Build.0 = Debug|Any CPU
		{F9656299-7D57-44A1-9D5F-E121C538EB1E}.Release|Any CPU.ActiveCfg = Release|Any CPU
		{F9656299-7D57-44A1-9D5F-E121C538EB1E}.Release|Any CPU.Build.0 = Release|Any CPU
	EndGlobalSection
	GlobalSection(SolutionProperties) = preSolution
		HideSolutionNode = FALSE
	EndGlobalSection
EndGlobal
